// !$*UTF8*$!
{
	archiveVersion = 1;
	classes = {
	};
	objectVersion = 77;
	objects = {

/* Begin PBXBuildFile section */
		0512AAB14DF9AF628550C520 /* CodexUsageMeterApp.swift in Sources */ = {isa = PBXBuildFile; fileRef = 656BC85433D00646B6839C32 /* CodexUsageMeterApp.swift */; };
		078339CDFF072DF29939E6F2 /* CodexSessionScanner.swift in Sources */ = {isa = PBXBuildFile; fileRef = 0C8D62BD3BB988BD7528DE8E /* CodexSessionScanner.swift */; };
		0C64A31DA643F0372AF6A7D4 /* StatusMenuView.swift in Sources */ = {isa = PBXBuildFile; fileRef = A66C384BE2080F0B947C94A0 /* StatusMenuView.swift */; };
		3790AA44C6836E1B98553375 /* CodexSessionScannerTests.swift in Sources */ = {isa = PBXBuildFile; fileRef = 6827C2134346122FCB17D3CD /* CodexSessionScannerTests.swift */; };
		39F7DB58AC52C23280F3F51A /* CodexRateLimitSnapshot.swift in Sources */ = {isa = PBXBuildFile; fileRef = BCEDE5A3E947D13462CC2696 /* CodexRateLimitSnapshot.swift */; };
		CC2F43446834E37B034B7075 /* RateLimitMonitor.swift in Sources */ = {isa = PBXBuildFile; fileRef = 769A5F3E6869365EA6FF98D7 /* RateLimitMonitor.swift */; };
		D5BC3F34C37E4A9A40F27E52 /* SettingsView.swift in Sources */ = {isa = PBXBuildFile; fileRef = 46443A4E46D3BEDBDEDA1D32 /* SettingsView.swift */; };
		F4939355B1FAE86A2F4CAAF7 /* Assets.xcassets in Resources */ = {isa = PBXBuildFile; fileRef = 6E02D71AA046863F1486442C /* Assets.xcassets */; };
/* End PBXBuildFile section */

/* Begin PBXContainerItemProxy section */
		DB8F5500464E607FCCE7A0F5 /* PBXContainerItemProxy */ = {
			isa = PBXContainerItemProxy;
			containerPortal = FBF594CA32C40B98C87C39EA /* Project object */;
			proxyType = 1;
			remoteGlobalIDString = 73D7D08E7AADB8FFEBEB3C6D;
			remoteInfo = CodexUsageMeter;
		};
/* End PBXContainerItemProxy section */

/* Begin PBXFileReference section */
		0C8D62BD3BB988BD7528DE8E /* CodexSessionScanner.swift */ = {isa = PBXFileReference; lastKnownFileType = sourcecode.swift; path = CodexSessionScanner.swift; sourceTree = "<group>"; };
		46443A4E46D3BEDBDEDA1D32 /* SettingsView.swift */ = {isa = PBXFileReference; lastKnownFileType = sourcecode.swift; path = SettingsView.swift; sourceTree = "<group>"; };
		656BC85433D00646B6839C32 /* CodexUsageMeterApp.swift */ = {isa = PBXFileReference; lastKnownFileType = sourcecode.swift; path = CodexUsageMeterApp.swift; sourceTree = "<group>"; };
		6827C2134346122FCB17D3CD /* CodexSessionScannerTests.swift */ = {isa = PBXFileReference; lastKnownFileType = sourcecode.swift; path = CodexSessionScannerTests.swift; sourceTree = "<group>"; };
		6E02D71AA046863F1486442C /* Assets.xcassets */ = {isa = PBXFileReference; lastKnownFileType = folder.assetcatalog; path = Assets.xcassets; sourceTree = "<group>"; };
		717979B6BF60B5F70B68F3D8 /* CodexUsageMeter.app */ = {isa = PBXFileReference; explicitFileType = wrapper.application; includeInIndex = 0; path = CodexUsageMeter.app; sourceTree = BUILT_PRODUCTS_DIR; };
		769A5F3E6869365EA6FF98D7 /* RateLimitMonitor.swift */ = {isa = PBXFileReference; lastKnownFileType = sourcecode.swift; path = RateLimitMonitor.swift; sourceTree = "<group>"; };
		A66C384BE2080F0B947C94A0 /* StatusMenuView.swift */ = {isa = PBXFileReference; lastKnownFileType = sourcecode.swift; path = StatusMenuView.swift; sourceTree = "<group>"; };
		AE04EFCCF4EA48732E7A0B6A /* CodexUsageMeterTests.xctest */ = {isa = PBXFileReference; explicitFileType = wrapper.cfbundle; includeInIndex = 0; path = CodexUsageMeterTests.xctest; sourceTree = BUILT_PRODUCTS_DIR; };
		BCEDE5A3E947D13462CC2696 /* CodexRateLimitSnapshot.swift */ = {isa = PBXFileReference; lastKnownFileType = sourcecode.swift; path = CodexRateLimitSnapshot.swift; sourceTree = "<group>"; };
		DA43D2797F9CE7B38E322DF5 /* Info.plist */ = {isa = PBXFileReference; lastKnownFileType = text.plist; path = Info.plist; sourceTree = "<group>"; };
/* End PBXFileReference section */

/* Begin PBXGroup section */
		0F8D452B321BDBABF3484B8D /* Views */ = {
			isa = PBXGroup;
			children = (
				46443A4E46D3BEDBDEDA1D32 /* SettingsView.swift */,
				A66C384BE2080F0B947C94A0 /* StatusMenuView.swift */,
			);
			path = Views;
			sourceTree = "<group>";
		};
		3FA5B979395AB0C6BC690CDD /* Products */ = {
			isa = PBXGroup;
			children = (
				717979B6BF60B5F70B68F3D8 /* CodexUsageMeter.app */,
				AE04EFCCF4EA48732E7A0B6A /* CodexUsageMeterTests.xctest */,
			);
			name = Products;
			sourceTree = "<group>";
		};
		64BEDFFFCB7BD30584CCD705 /* Services */ = {
			isa = PBXGroup;
			children = (
				0C8D62BD3BB988BD7528DE8E /* CodexSessionScanner.swift */,
				769A5F3E6869365EA6FF98D7 /* RateLimitMonitor.swift */,
			);
			path = Services;
			sourceTree = "<group>";
		};
		730BB69F3C9D7C5068DC4E2F /* Models */ = {
			isa = PBXGroup;
			children = (
				BCEDE5A3E947D13462CC2696 /* CodexRateLimitSnapshot.swift */,
			);
			path = Models;
			sourceTree = "<group>";
		};
		9082475A1B5409FFA72F67B9 /* Resources */ = {
			isa = PBXGroup;
			children = (
				6E02D71AA046863F1486442C /* Assets.xcassets */,
				DA43D2797F9CE7B38E322DF5 /* Info.plist */,
			);
			path = Resources;
			sourceTree = "<group>";
		};
		9B65F70A6E76750E96BA061E /* CodexUsageMeter */ = {
			isa = PBXGroup;
			children = (
				F1663378C00553F4ED0329D4 /* App */,
				730BB69F3C9D7C5068DC4E2F /* Models */,
				9082475A1B5409FFA72F67B9 /* Resources */,
				64BEDFFFCB7BD30584CCD705 /* Services */,
				0F8D452B321BDBABF3484B8D /* Views */,
			);
			path = CodexUsageMeter;
			sourceTree = "<group>";
		};
		B08AAA49B5128B2555EA243C /* CodexUsageMeterTests */ = {
			isa = PBXGroup;
			children = (
				6827C2134346122FCB17D3CD /* CodexSessionScannerTests.swift */,
			);
			path = CodexUsageMeterTests;
			sourceTree = "<group>";
		};
		B1967A3D0C81078985836FD3 = {
			isa = PBXGroup;
			children = (
				9B65F70A6E76750E96BA061E /* CodexUsageMeter */,
				B08AAA49B5128B2555EA243C /* CodexUsageMeterTests */,
				3FA5B979395AB0C6BC690CDD /* Products */,
			);
			sourceTree = "<group>";
		};
		F1663378C00553F4ED0329D4 /* App */ = {
			isa = PBXGroup;
			children = (
				656BC85433D00646B6839C32 /* CodexUsageMeterApp.swift */,
			);
			path = App;
			sourceTree = "<group>";
		};
/* End PBXGroup section */

/* Begin PBXNativeTarget section */
		73D7D08E7AADB8FFEBEB3C6D /* CodexUsageMeter */ = {
			isa = PBXNativeTarget;
			buildConfigurationList = 1DFB542D32BFDD9C398F70D0 /* Build configuration list for PBXNativeTarget "CodexUsageMeter" */;
			buildPhases = (
				68A00DB78BF79B4F6443F168 /* Sources */,
				E9A3361EEB5D063945029527 /* Resources */,
			);
			buildRules = (
			);
			dependencies = (
			);
			name = CodexUsageMeter;
			packageProductDependencies = (
			);
			productName = CodexUsageMeter;
			productReference = 717979B6BF60B5F70B68F3D8 /* CodexUsageMeter.app */;
			productType = "com.apple.product-type.application";
		};
		B217F265DE01AF427C8FB777 /* CodexUsageMeterTests */ = {
			isa = PBXNativeTarget;
			buildConfigurationList = 78CD6638AB64DEC757478809 /* Build configuration list for PBXNativeTarget "CodexUsageMeterTests" */;
			buildPhases = (
				41B8A58E633B31DDDA8A8E6A /* Sources */,
			);
			buildRules = (
			);
			dependencies = (
				C45DEEB9DF1433B3A4E897CA /* PBXTargetDependency */,
			);
			name = CodexUsageMeterTests;
			packageProductDependencies = (
			);
			productName = CodexUsageMeterTests;
			productReference = AE04EFCCF4EA48732E7A0B6A /* CodexUsageMeterTests.xctest */;
			productType = "com.apple.product-type.bundle.unit-test";
		};
/* End PBXNativeTarget section */

/* Begin PBXProject section */
		FBF594CA32C40B98C87C39EA /* Project object */ = {
			isa = PBXProject;
			attributes = {
				BuildIndependentTargetsInParallel = YES;
				LastUpgradeCheck = 1430;
				TargetAttributes = {
					73D7D08E7AADB8FFEBEB3C6D = {
						DevelopmentTeam = "";
						ProvisioningStyle = Automatic;
					};
					B217F265DE01AF427C8FB777 = {
						DevelopmentTeam = "";
						ProvisioningStyle = Automatic;
					};
				};
			};
			buildConfigurationList = 295BBFEA72FA29993C593CD0 /* Build configuration list for PBXProject "CodexUsageMeter" */;
			compatibilityVersion = "Xcode 14.0";
			developmentRegion = en;
			hasScannedForEncodings = 0;
			knownRegions = (
				Base,
				en,
			);
			mainGroup = B1967A3D0C81078985836FD3;
			minimizedProjectReferenceProxies = 1;
			preferredProjectObjectVersion = 77;
			projectDirPath = "";
			projectRoot = "";
			targets = (
				73D7D08E7AADB8FFEBEB3C6D /* CodexUsageMeter */,
				B217F265DE01AF427C8FB777 /* CodexUsageMeterTests */,
			);
		};
/* End PBXProject section */

/* Begin PBXResourcesBuildPhase section */
		E9A3361EEB5D063945029527 /* Resources */ = {
			isa = PBXResourcesBuildPhase;
			buildActionMask = 2147483647;
			files = (
				F4939355B1FAE86A2F4CAAF7 /* Assets.xcassets in Resources */,
			);
			runOnlyForDeploymentPostprocessing = 0;
		};
/* End PBXResourcesBuildPhase section */

/* Begin PBXSourcesBuildPhase section */
		41B8A58E633B31DDDA8A8E6A /* Sources */ = {
			isa = PBXSourcesBuildPhase;
			buildActionMask = 2147483647;
			files = (
				3790AA44C6836E1B98553375 /* CodexSessionScannerTests.swift in Sources */,
			);
			runOnlyForDeploymentPostprocessing = 0;
		};
		68A00DB78BF79B4F6443F168 /* Sources */ = {
			isa = PBXSourcesBuildPhase;
			buildActionMask = 2147483647;
			files = (
				39F7DB58AC52C23280F3F51A /* CodexRateLimitSnapshot.swift in Sources */,
				078339CDFF072DF29939E6F2 /* CodexSessionScanner.swift in Sources */,
				0512AAB14DF9AF628550C520 /* CodexUsageMeterApp.swift in Sources */,
				CC2F43446834E37B034B7075 /* RateLimitMonitor.swift in Sources */,
				D5BC3F34C37E4A9A40F27E52 /* SettingsView.swift in Sources */,
				0C64A31DA643F0372AF6A7D4 /* StatusMenuView.swift in Sources */,
			);
			runOnlyForDeploymentPostprocessing = 0;
		};
/* End PBXSourcesBuildPhase section */

/* Begin PBXTargetDependency section */
		C45DEEB9DF1433B3A4E897CA /* PBXTargetDependency */ = {
			isa = PBXTargetDependency;
			target = 73D7D08E7AADB8FFEBEB3C6D /* CodexUsageMeter */;
			targetProxy = DB8F5500464E607FCCE7A0F5 /* PBXContainerItemProxy */;
		};
/* End PBXTargetDependency section */

/* Begin XCBuildConfiguration section */
		0C9B2907E4590B7259799328 /* Release */ = {
			isa = XCBuildConfiguration;
			buildSettings = {
				BUNDLE_LOADER = "$(TEST_HOST)";
				COMBINE_HIDPI_IMAGES = YES;
				LD_RUNPATH_SEARCH_PATHS = (
					"$(inherited)",
					"@executable_path/../Frameworks",
					"@loader_path/../Frameworks",
				);
				MACOSX_DEPLOYMENT_TARGET = 14.0;
				PRODUCT_MODULE_NAME = CodexUsageMeterTests;
				PRODUCT_NAME = CodexUsageMeterTests;
				SDKROOT = macosx;
				TEST_HOST = "$(BUILT_PRODUCTS_DIR)/Codex Usage Meter.app/Contents/MacOS/Codex Usage Meter";
			};
			name = Release;
		};
		334F5FA84F27C8F1CCDF333D /* Release */ = {
			isa = XCBuildConfiguration;
			buildSettings = {
				ASSETCATALOG_COMPILER_APPICON_NAME = AppIcon;
				COMBINE_HIDPI_IMAGES = YES;
				ENABLE_APP_SANDBOX = NO;
				INFOPLIST_FILE = CodexUsageMeter/Resources/Info.plist;
				LD_RUNPATH_SEARCH_PATHS = (
					"$(inherited)",
					"@executable_path/../Frameworks",
				);
				MACOSX_DEPLOYMENT_TARGET = 14.0;
				PRODUCT_MODULE_NAME = CodexUsageMeter;
				PRODUCT_NAME = "Codex Usage Meter";
				SDKROOT = macosx;
			};
			name = Release;
		};
		34825E036E05F2245E7956DD /* Debug */ = {
			isa = XCBuildConfiguration;
			buildSettings = {
				ALWAYS_SEARCH_USER_PATHS = NO;
				CLANG_ANALYZER_NONNULL = YES;
				CLANG_ANALYZER_NUMBER_OBJECT_CONVERSION = YES_AGGRESSIVE;
				CLANG_CXX_LANGUAGE_STANDARD = "gnu++14";
				CLANG_CXX_LIBRARY = "libc++";
				CLANG_ENABLE_MODULES = YES;
				CLANG_ENABLE_OBJC_ARC = YES;
				CLANG_ENABLE_OBJC_WEAK = YES;
				CLANG_WARN_BLOCK_CAPTURE_AUTORELEASING = YES;
				CLANG_WARN_BOOL_CONVERSION = YES;
				CLANG_WARN_COMMA = YES;
				CLANG_WARN_CONSTANT_CONVERSION = YES;
				CLANG_WARN_DEPRECATED_OBJC_IMPLEMENTATIONS = YES;
				CLANG_WARN_DIRECT_OBJC_ISA_USAGE = YES_ERROR;
				CLANG_WARN_DOCUMENTATION_COMMENTS = YES;
				CLANG_WARN_EMPTY_BODY = YES;
				CLANG_WARN_ENUM_CONVERSION = YES;
				CLANG_WARN_INFINITE_RECURSION = YES;
				CLANG_WARN_INT_CONVERSION = YES;
				CLANG_WARN_NON_LITERAL_NULL_CONVERSION = YES;
				CLANG_WARN_OBJC_IMPLICIT_RETAIN_SELF = YES;
				CLANG_WARN_OBJC_LITERAL_CONVERSION = YES;
				CLANG_WARN_OBJC_ROOT_CLASS = YES_ERROR;
				CLANG_WARN_QUOTED_INCLUDE_IN_FRAMEWORK_HEADER = YES;
				CLANG_WARN_RANGE_LOOP_ANALYSIS = YES;
				CLANG_WARN_STRICT_PROTOTYPES = YES;
				CLANG_WARN_SUSPICIOUS_MOVE = YES;
				CLANG_WARN_UNGUARDED_AVAILABILITY = YES_AGGRESSIVE;
				CLANG_WARN_UNREACHABLE_CODE = YES;
				CLANG_WARN__DUPLICATE_METHOD_MATCH = YES;
				CODE_SIGN_STYLE = Automatic;
				COPY_PHASE_STRIP = NO;
				CURRENT_PROJECT_VERSION = 12;
				DEBUG_INFORMATION_FORMAT = dwarf;
				DEVELOPMENT_TEAM = "";
				ENABLE_STRICT_OBJC_MSGSEND = YES;
				ENABLE_TESTABILITY = YES;
				GCC_C_LANGUAGE_STANDARD = gnu11;
				GCC_DYNAMIC_NO_PIC = NO;
				GCC_NO_COMMON_BLOCKS = YES;
				GCC_OPTIMIZATION_LEVEL = 0;
				GCC_PREPROCESSOR_DEFINITIONS = (
					"$(inherited)",
					"DEBUG=1",
				);
				GCC_WARN_64_TO_32_BIT_CONVERSION = YES;
				GCC_WARN_ABOUT_RETURN_TYPE = YES_ERROR;
				GCC_WARN_UNDECLARED_SELECTOR = YES;
				GCC_WARN_UNINITIALIZED_AUTOS = YES_AGGRESSIVE;
				GCC_WARN_UNUSED_FUNCTION = YES;
				GCC_WARN_UNUSED_VARIABLE = YES;
				GENERATE_INFOPLIST_FILE = NO;
				MARKETING_VERSION = 1.0.11;
				MTL_ENABLE_DEBUG_INFO = INCLUDE_SOURCE;
				MTL_FAST_MATH = YES;
				ONLY_ACTIVE_ARCH = YES;
				PRODUCT_BUNDLE_IDENTIFIER = io.github.codexusagemeter;
				PRODUCT_NAME = "$(TARGET_NAME)";
				SDKROOT = macosx;
				SWIFT_ACTIVE_COMPILATION_CONDITIONS = DEBUG;
				SWIFT_OPTIMIZATION_LEVEL = "-Onone";
				SWIFT_VERSION = 6.0;
			};
			name = Debug;
		};
		4A01F9039EB4F01F1782F471 /* Debug */ = {
			isa = XCBuildConfiguration;
			buildSettings = {
				ASSETCATALOG_COMPILER_APPICON_NAME = AppIcon;
				COMBINE_HIDPI_IMAGES = YES;
				ENABLE_APP_SANDBOX = NO;
				INFOPLIST_FILE = CodexUsageMeter/Resources/Info.plist;
				LD_RUNPATH_SEARCH_PATHS = (
					"$(inherited)",
					"@executable_path/../Frameworks",
				);
				MACOSX_DEPLOYMENT_TARGET = 14.0;
				PRODUCT_MODULE_NAME = CodexUsageMeter;
				PRODUCT_NAME = "Codex Usage Meter";
				SDKROOT = macosx;
			};
			name = Debug;
		};
		D55A6B9FCBC6797458E1A3E2 /* Release */ = {
			isa = XCBuildConfiguration;
			buildSettings = {
				ALWAYS_SEARCH_USER_PATHS = NO;
				CLANG_ANALYZER_NONNULL = YES;
				CLANG_ANALYZER_NUMBER_OBJECT_CONVERSION = YES_AGGRESSIVE;
				CLANG_CXX_LANGUAGE_STANDARD = "gnu++14";
				CLANG_CXX_LIBRARY = "libc++";
				CLANG_ENABLE_MODULES = YES;
				CLANG_ENABLE_OBJC_ARC = YES;
				CLANG_ENABLE_OBJC_WEAK = YES;
				CLANG_WARN_BLOCK_CAPTURE_AUTORELEASING = YES;
				CLANG_WARN_BOOL_CONVERSION = YES;
				CLANG_WARN_COMMA = YES;
				CLANG_WARN_CONSTANT_CONVERSION = YES;
				CLANG_WARN_DEPRECATED_OBJC_IMPLEMENTATIONS = YES;
				CLANG_WARN_DIRECT_OBJC_ISA_USAGE = YES_ERROR;
				CLANG_WARN_DOCUMENTATION_COMMENTS = YES;
				CLANG_WARN_EMPTY_BODY = YES;
				CLANG_WARN_ENUM_CONVERSION = YES;
				CLANG_WARN_INFINITE_RECURSION = YES;
				CLANG_WARN_INT_CONVERSION = YES;
				CLANG_WARN_NON_LITERAL_NULL_CONVERSION = YES;
				CLANG_WARN_OBJC_IMPLICIT_RETAIN_SELF = YES;
				CLANG_WARN_OBJC_LITERAL_CONVERSION = YES;
				CLANG_WARN_OBJC_ROOT_CLASS = YES_ERROR;
				CLANG_WARN_QUOTED_INCLUDE_IN_FRAMEWORK_HEADER = YES;
				CLANG_WARN_RANGE_LOOP_ANALYSIS = YES;
				CLANG_WARN_STRICT_PROTOTYPES = YES;
				CLANG_WARN_SUSPICIOUS_MOVE = YES;
				CLANG_WARN_UNGUARDED_AVAILABILITY = YES_AGGRESSIVE;
				CLANG_WARN_UNREACHABLE_CODE = YES;
				CLANG_WARN__DUPLICATE_METHOD_MATCH = YES;
				CODE_SIGN_STYLE = Automatic;
				COPY_PHASE_STRIP = NO;
				CURRENT_PROJECT_VERSION = 12;
				DEBUG_INFORMATION_FORMAT = "dwarf-with-dsym";
				DEVELOPMENT_TEAM = "";
				ENABLE_NS_ASSERTIONS = NO;
				ENABLE_STRICT_OBJC_MSGSEND = YES;
				GCC_C_LANGUAGE_STANDARD = gnu11;
				GCC_NO_COMMON_BLOCKS = YES;
				GCC_WARN_64_TO_32_BIT_CONVERSION = YES;
				GCC_WARN_ABOUT_RETURN_TYPE = YES_ERROR;
				GCC_WARN_UNDECLARED_SELECTOR = YES;
				GCC_WARN_UNINITIALIZED_AUTOS = YES_AGGRESSIVE;
				GCC_WARN_UNUSED_FUNCTION = YES;
				GCC_WARN_UNUSED_VARIABLE = YES;
				GENERATE_INFOPLIST_FILE = NO;
				MARKETING_VERSION = 1.0.11;
				MTL_ENABLE_DEBUG_INFO = NO;
				MTL_FAST_MATH = YES;
				PRODUCT_BUNDLE_IDENTIFIER = io.github.codexusagemeter;
				PRODUCT_NAME = "$(TARGET_NAME)";
				SDKROOT = macosx;
				SWIFT_COMPILATION_MODE = wholemodule;
				SWIFT_OPTIMIZATION_LEVEL = "-O";
				SWIFT_VERSION = 6.0;
			};
			name = Release;
		};
		E176BC1354C8B94D187FA0E5 /* Debug */ = {
			isa = XCBuildConfiguration;
			buildSettings = {
				BUNDLE_LOADER = "$(TEST_HOST)";
				COMBINE_HIDPI_IMAGES = YES;
				LD_RUNPATH_SEARCH_PATHS = (
					"$(inherited)",
					"@executable_path/../Frameworks",
					"@loader_path/../Frameworks",
				);
				MACOSX_DEPLOYMENT_TARGET = 14.0;
				PRODUCT_MODULE_NAME = CodexUsageMeterTests;
				PRODUCT_NAME = CodexUsageMeterTests;
				SDKROOT = macosx;
				TEST_HOST = "$(BUILT_PRODUCTS_DIR)/Codex Usage Meter.app/Contents/MacOS/Codex Usage Meter";
			};
			name = Debug;
		};
/* End XCBuildConfiguration section */

/* Begin XCConfigurationList section */
		1DFB542D32BFDD9C398F70D0 /* Build configuration list for PBXNativeTarget "CodexUsageMeter" */ = {
			isa = XCConfigurationList;
			buildConfigurations = (
				4A01F9039EB4F01F1782F471 /* Debug */,
				334F5FA84F27C8F1CCDF333D /* Release */,
			);
			defaultConfigurationIsVisible = 0;
			defaultConfigurationName = Debug;
		};
		295BBFEA72FA29993C593CD0 /* Build configuration list for PBXProject "CodexUsageMeter" */ = {
			isa = XCConfigurationList;
			buildConfigurations = (
				34825E036E05F2245E7956DD /* Debug */,
				D55A6B9FCBC6797458E1A3E2 /* Release */,
			);
			defaultConfigurationIsVisible = 0;
			defaultConfigurationName = Debug;
		};
		78CD6638AB64DEC757478809 /* Build configuration list for PBXNativeTarget "CodexUsageMeterTests" */ = {
			isa = XCConfigurationList;
			buildConfigurations = (
				E176BC1354C8B94D187FA0E5 /* Debug */,
				0C9B2907E4590B7259799328 /* Release */,
			);
			defaultConfigurationIsVisible = 0;
			defaultConfigurationName = Debug;
		};
/* End XCConfigurationList section */
	};
	rootObject = FBF594CA32C40B98C87C39EA /* Project object */;
}
